// !$*UTF8*$!
{
	archiveVersion = 1;
	classes = {
	};
	objectVersion = 46;
	objects = {

/* Begin PBXBuildFile section */
		16002B16182843D400452358 /* Cocoa.framework in Frameworks */ = {isa = PBXBuildFile; fileRef = 160F575F1828408000B31F1D /* Cocoa.framework */; };
		16002B1C182843D400452358 /* InfoPlist.strings in Resources */ = {isa = PBXBuildFile; fileRef = 16002B1A182843D400452358 /* InfoPlist.strings */; };
		16002B1E182843D400452358 /* main.m in Sources */ = {isa = PBXBuildFile; fileRef = 16002B1D182843D400452358 /* main.m */; };
		16002B22182843D400452358 /* Credits.rtf in Resources */ = {isa = PBXBuildFile; fileRef = 16002B20182843D400452358 /* Credits.rtf */; };
		16002B28182843D400452358 /* MainMenu.xib in Resources */ = {isa = PBXBuildFile; fileRef = 16002B26182843D400452358 /* MainMenu.xib */; };
		16002B2A182843D400452358 /* Images.xcassets in Resources */ = {isa = PBXBuildFile; fileRef = 16002B29182843D400452358 /* Images.xcassets */; };
		16002B30182843D400452358 /* XCTest.framework in Frameworks */ = {isa = PBXBuildFile; fileRef = 16D6C58B18206A020051DCD3 /* XCTest.framework */; };
		16002B31182843D400452358 /* Cocoa.framework in Frameworks */ = {isa = PBXBuildFile; fileRef = 160F575F1828408000B31F1D /* Cocoa.framework */; };
		16002B39182843D400452358 /* InfoPlist.strings in Resources */ = {isa = PBXBuildFile; fileRef = 16002B37182843D400452358 /* InfoPlist.strings */; };
		16002B3B182843D400452358 /* Rad_OSX_Map_TestTests.m in Sources */ = {isa = PBXBuildFile; fileRef = 16002B3A182843D400452358 /* Rad_OSX_Map_TestTests.m */; };
		16063DC3182D3689001811DD /* candy-stripe1.jpg in Resources */ = {isa = PBXBuildFile; fileRef = 16063DC2182D3689001811DD /* candy-stripe1.jpg */; };
		16063DC4182D3689001811DD /* candy-stripe1.jpg in Resources */ = {isa = PBXBuildFile; fileRef = 16063DC2182D3689001811DD /* candy-stripe1.jpg */; };
		16063DC6182D394D001811DD /* paper_stripes.jpg in Resources */ = {isa = PBXBuildFile; fileRef = 16063DC5182D394D001811DD /* paper_stripes.jpg */; };
		16063DC7182D394D001811DD /* paper_stripes.jpg in Resources */ = {isa = PBXBuildFile; fileRef = 16063DC5182D394D001811DD /* paper_stripes.jpg */; };
		160F56C61827F61F00B31F1D /* QFlag.png in Resources */ = {isa = PBXBuildFile; fileRef = 160F56C51827F61F00B31F1D /* QFlag.png */; };
		161B8F4E182BEAB30069A50A /* QTRParkMapItem.m in Sources */ = {isa = PBXBuildFile; fileRef = 161B8F4D182BEAB30069A50A /* QTRParkMapItem.m */; };
		161B8F4F182BEAB30069A50A /* QTRParkMapItem.m in Sources */ = {isa = PBXBuildFile; fileRef = 161B8F4D182BEAB30069A50A /* QTRParkMapItem.m */; };
		161B8F57182BFA600069A50A /* Al_Bidda_Park.jpg in Resources */ = {isa = PBXBuildFile; fileRef = 161B8F51182BFA600069A50A /* Al_Bidda_Park.jpg */; };
		161B8F58182BFA600069A50A /* Al_Bidda_Park.jpg in Resources */ = {isa = PBXBuildFile; fileRef = 161B8F51182BFA600069A50A /* Al_Bidda_Park.jpg */; };
		161B8F59182BFA600069A50A /* Al_Ghanim_Al_Qadeem.jpg in Resources */ = {isa = PBXBuildFile; fileRef = 161B8F52182BFA600069A50A /* Al_Ghanim_Al_Qadeem.jpg */; };
		161B8F5A182BFA600069A50A /* Al_Ghanim_Al_Qadeem.jpg in Resources */ = {isa = PBXBuildFile; fileRef = 161B8F52182BFA600069A50A /* Al_Ghanim_Al_Qadeem.jpg */; };
		161B8F5B182BFA600069A50A /* Al_Khulaifat.jpg in Resources */ = {isa = PBXBuildFile; fileRef = 161B8F53182BFA600069A50A /* Al_Khulaifat.jpg */; };
		161B8F5C182BFA600069A50A /* Al_Khulaifat.jpg in Resources */ = {isa = PBXBuildFile; fileRef = 161B8F53182BFA600069A50A /* Al_Khulaifat.jpg */; };
		161B8F5D182BFA600069A50A /* AlMuntazah.jpg in Resources */ = {isa = PBXBuildFile; fileRef = 161B8F54182BFA600069A50A /* AlMuntazah.jpg */; };
		161B8F5E182BFA600069A50A /* AlMuntazah.jpg in Resources */ = {isa = PBXBuildFile; fileRef = 161B8F54182BFA600069A50A /* AlMuntazah.jpg */; };
		161B8F5F182BFA600069A50A /* Aspire.jpg in Resources */ = {isa = PBXBuildFile; fileRef = 161B8F55182BFA600069A50A /* Aspire.jpg */; };
		161B8F60182BFA600069A50A /* Aspire.jpg in Resources */ = {isa = PBXBuildFile; fileRef = 161B8F55182BFA600069A50A /* Aspire.jpg */; };
		161B8F61182BFA600069A50A /* Salata_Park.jpg in Resources */ = {isa = PBXBuildFile; fileRef = 161B8F56182BFA600069A50A /* Salata_Park.jpg */; };
		161B8F62182BFA600069A50A /* Salata_Park.jpg in Resources */ = {isa = PBXBuildFile; fileRef = 161B8F56182BFA600069A50A /* Salata_Park.jpg */; };
		161C2D6D18241E3000AA63F7 /* QTRStartingRegion.m in Sources */ = {isa = PBXBuildFile; fileRef = 161C2D6C18241E3000AA63F7 /* QTRStartingRegion.m */; };
		16308EE7182A94680042A8C3 /* QTRAppDelegate.m in Sources */ = {isa = PBXBuildFile; fileRef = 16D6C57C18206A020051DCD3 /* QTRAppDelegate.m */; };
		1656CE74182AA8AD00B9D18C /* QTRQatarMapOverlayView.m in Sources */ = {isa = PBXBuildFile; fileRef = 16E037BF1821BAB30061E9D1 /* QTRQatarMapOverlayView.m */; };
		1656CE8B182AB92700B9D18C /* QTRViewController.m in Sources */ = {isa = PBXBuildFile; fileRef = 16D6C58218206A020051DCD3 /* QTRViewController.m */; };
		1656CE8E182AEDC100B9D18C /* QTRParks.m in Sources */ = {isa = PBXBuildFile; fileRef = 1656CE8D182AEDC100B9D18C /* QTRParks.m */; };
		1656CE8F182AEDC100B9D18C /* QTRParks.m in Sources */ = {isa = PBXBuildFile; fileRef = 1656CE8D182AEDC100B9D18C /* QTRParks.m */; };
		1656CE92182AF28400B9D18C /* QTRParkAnnotationView.m in Sources */ = {isa = PBXBuildFile; fileRef = 1656CE91182AF28300B9D18C /* QTRParkAnnotationView.m */; };
		1656CE93182AF28400B9D18C /* QTRParkAnnotationView.m in Sources */ = {isa = PBXBuildFile; fileRef = 1656CE91182AF28300B9D18C /* QTRParkAnnotationView.m */; };
		169B45F01821AB9F00B61B59 /* Qatar.m in Sources */ = {isa = PBXBuildFile; fileRef = 169B45EF1821AB9F00B61B59 /* Qatar.m */; };
		16A283DE18284C91008B41E0 /* Qatar.m in Sources */ = {isa = PBXBuildFile; fileRef = 169B45EF1821AB9F00B61B59 /* Qatar.m */; };
		16A283DF18284C9B008B41E0 /* QTRStartingRegion.m in Sources */ = {isa = PBXBuildFile; fileRef = 161C2D6C18241E3000AA63F7 /* QTRStartingRegion.m */; };
		16A283E018284DF0008B41E0 /* QTRQatarMapOverlay.m in Sources */ = {isa = PBXBuildFile; fileRef = 16E037BC1821B96E0061E9D1 /* QTRQatarMapOverlay.m */; };
		16A283E118284E54008B41E0 /* QFlag.png in Resources */ = {isa = PBXBuildFile; fileRef = 160F56C51827F61F00B31F1D /* QFlag.png */; };
		16D6C56D18206A020051DCD3 /* Foundation.framework in Frameworks */ = {isa = PBXBuildFile; fileRef = 16D6C56C18206A020051DCD3 /* Foundation.framework */; };
		16D6C56F18206A020051DCD3 /* CoreGraphics.framework in Frameworks */ = {isa = PBXBuildFile; fileRef = 16D6C56E18206A020051DCD3 /* CoreGraphics.framework */; };
		16D6C57118206A020051DCD3 /* UIKit.framework in Frameworks */ = {isa = PBXBuildFile; fileRef = 16D6C57018206A020051DCD3 /* UIKit.framework */; };
		16D6C57718206A020051DCD3 /* InfoPlist.strings in Resources */ = {isa = PBXBuildFile; fileRef = 16D6C57518206A020051DCD3 /* InfoPlist.strings */; };
		16D6C57918206A020051DCD3 /* main.m in Sources */ = {isa = PBXBuildFile; fileRef = 16D6C57818206A020051DCD3 /* main.m */; };
		16D6C57D18206A020051DCD3 /* QTRAppDelegate.m in Sources */ = {isa = PBXBuildFile; fileRef = 16D6C57C18206A020051DCD3 /* QTRAppDelegate.m */; };
		16D6C58018206A020051DCD3 /* Main.storyboard in Resources */ = {isa = PBXBuildFile; fileRef = 16D6C57E18206A020051DCD3 /* Main.storyboard */; };
		16D6C58318206A020051DCD3 /* QTRViewController.m in Sources */ = {isa = PBXBuildFile; fileRef = 16D6C58218206A020051DCD3 /* QTRViewController.m */; };
		16D6C58518206A020051DCD3 /* Images.xcassets in Resources */ = {isa = PBXBuildFile; fileRef = 16D6C58418206A020051DCD3 /* Images.xcassets */; };
		16D6C58C18206A020051DCD3 /* XCTest.framework in Frameworks */ = {isa = PBXBuildFile; fileRef = 16D6C58B18206A020051DCD3 /* XCTest.framework */; };
		16D6C58D18206A020051DCD3 /* Foundation.framework in Frameworks */ = {isa = PBXBuildFile; fileRef = 16D6C56C18206A020051DCD3 /* Foundation.framework */; };
		16D6C58E18206A020051DCD3 /* UIKit.framework in Frameworks */ = {isa = PBXBuildFile; fileRef = 16D6C57018206A020051DCD3 /* UIKit.framework */; };
		16D6C59618206A020051DCD3 /* InfoPlist.strings in Resources */ = {isa = PBXBuildFile; fileRef = 16D6C59418206A020051DCD3 /* InfoPlist.strings */; };
		16D6C59818206A020051DCD3 /* Rad_IOS_MapTestTests.m in Sources */ = {isa = PBXBuildFile; fileRef = 16D6C59718206A020051DCD3 /* Rad_IOS_MapTestTests.m */; };
		16D6C5A218206A180051DCD3 /* AddressBook.framework in Frameworks */ = {isa = PBXBuildFile; fileRef = 16D6C5A118206A180051DCD3 /* AddressBook.framework */; };
		16D6C5A418206A240051DCD3 /* MapKit.framework in Frameworks */ = {isa = PBXBuildFile; fileRef = 16D6C5A318206A240051DCD3 /* MapKit.framework */; };
		16E037BD1821B96E0061E9D1 /* QTRQatarMapOverlay.m in Sources */ = {isa = PBXBuildFile; fileRef = 16E037BC1821B96E0061E9D1 /* QTRQatarMapOverlay.m */; };
		16E037C01821BAB30061E9D1 /* QTRQatarMapOverlayView.m in Sources */ = {isa = PBXBuildFile; fileRef = 16E037BF1821BAB30061E9D1 /* QTRQatarMapOverlayView.m */; };
/* End PBXBuildFile section */

/* Begin PBXContainerItemProxy section */
		16002B32182843D400452358 /* PBXContainerItemProxy */ = {
			isa = PBXContainerItemProxy;
			containerPortal = 16D6C56118206A020051DCD3 /* Project object */;
			proxyType = 1;
			remoteGlobalIDString = 16002B14182843D400452358;
			remoteInfo = Rad_OSX_Map_Test;
		};
		16D6C58F18206A020051DCD3 /* PBXContainerItemProxy */ = {
			isa = PBXContainerItemProxy;
			containerPortal = 16D6C56118206A020051DCD3 /* Project object */;
			proxyType = 1;
			remoteGlobalIDString = 16D6C56818206A020051DCD3;
			remoteInfo = Rad_IOS_MapTest;
		};
/* End PBXContainerItemProxy section */

/* Begin PBXFileReference section */
		16002B15182843D400452358 /* Rad_OSX_Map_Test.app */ = {isa = PBXFileReference; explicitFileType = wrapper.application; includeInIndex = 0; path = Rad_OSX_Map_Test.app; sourceTree = BUILT_PRODUCTS_DIR; };
		16002B19182843D400452358 /* Rad_OSX_Map_Test-Info.plist */ = {isa = PBXFileReference; lastKnownFileType = text.plist.xml; path = "Rad_OSX_Map_Test-Info.plist"; sourceTree = "<group>"; };
		16002B1B182843D400452358 /* en */ = {isa = PBXFileReference; lastKnownFileType = text.plist.strings; name = en; path = en.lproj/InfoPlist.strings; sourceTree = "<group>"; };
		16002B1D182843D400452358 /* main.m */ = {isa = PBXFileReference; lastKnownFileType = sourcecode.c.objc; path = main.m; sourceTree = "<group>"; };
		16002B1F182843D400452358 /* Rad_OSX_Map_Test-Prefix.pch */ = {isa = PBXFileReference; lastKnownFileType = sourcecode.c.h; path = "Rad_OSX_Map_Test-Prefix.pch"; sourceTree = "<group>"; };
		16002B21182843D400452358 /* en */ = {isa = PBXFileReference; lastKnownFileType = text.rtf; name = en; path = en.lproj/Credits.rtf; sourceTree = "<group>"; };
		16002B27182843D400452358 /* Base */ = {isa = PBXFileReference; lastKnownFileType = file.xib; name = Base; path = Base.lproj/MainMenu.xib; sourceTree = "<group>"; };
		16002B29182843D400452358 /* Images.xcassets */ = {isa = PBXFileReference; lastKnownFileType = folder.assetcatalog; path = Images.xcassets; sourceTree = "<group>"; };
		16002B2F182843D400452358 /* Rad_OSX_Map_TestTests.xctest */ = {isa = PBXFileReference; explicitFileType = wrapper.cfbundle; includeInIndex = 0; path = Rad_OSX_Map_TestTests.xctest; sourceTree = BUILT_PRODUCTS_DIR; };
		16002B36182843D400452358 /* Rad_OSX_Map_TestTests-Info.plist */ = {isa = PBXFileReference; lastKnownFileType = text.plist.xml; path = "Rad_OSX_Map_TestTests-Info.plist"; sourceTree = "<group>"; };
		16002B38182843D400452358 /* en */ = {isa = PBXFileReference; lastKnownFileType = text.plist.strings; name = en; path = en.lproj/InfoPlist.strings; sourceTree = "<group>"; };
		16002B3A182843D400452358 /* Rad_OSX_Map_TestTests.m */ = {isa = PBXFileReference; lastKnownFileType = sourcecode.c.objc; path = Rad_OSX_Map_TestTests.m; sourceTree = "<group>"; };
		16063DC2182D3689001811DD /* candy-stripe1.jpg */ = {isa = PBXFileReference; lastKnownFileType = image.jpeg; path = "candy-stripe1.jpg"; sourceTree = "<group>"; };
		16063DC5182D394D001811DD /* paper_stripes.jpg */ = {isa = PBXFileReference; lastKnownFileType = image.jpeg; path = paper_stripes.jpg; sourceTree = "<group>"; };
		160F56C51827F61F00B31F1D /* QFlag.png */ = {isa = PBXFileReference; lastKnownFileType = image.png; path = QFlag.png; sourceTree = "<group>"; };
		160F56CF18280F7500B31F1D /* AppKit.framework */ = {isa = PBXFileReference; lastKnownFileType = wrapper.framework; name = AppKit.framework; path = Library/Frameworks/AppKit.framework; sourceTree = SDKROOT; };
		160F56D018280F7500B31F1D /* CoreData.framework */ = {isa = PBXFileReference; lastKnownFileType = wrapper.framework; name = CoreData.framework; path = Library/Frameworks/CoreData.framework; sourceTree = SDKROOT; };
		160F56D118280F7500B31F1D /* Foundation.framework */ = {isa = PBXFileReference; lastKnownFileType = wrapper.framework; name = Foundation.framework; path = Library/Frameworks/Foundation.framework; sourceTree = SDKROOT; };
		160F575F1828408000B31F1D /* Cocoa.framework */ = {isa = PBXFileReference; lastKnownFileType = wrapper.framework; name = Cocoa.framework; path = Platforms/MacOSX.platform/Developer/SDKs/MacOSX10.9.sdk/System/Library/Frameworks/Cocoa.framework; sourceTree = DEVELOPER_DIR; };
		161B8F4C182BEAB30069A50A /* QTRParkMapItem.h */ = {isa = PBXFileReference; fileEncoding = 4; lastKnownFileType = sourcecode.c.h; path = QTRParkMapItem.h; sourceTree = "<group>"; };
		161B8F4D182BEAB30069A50A /* QTRParkMapItem.m */ = {isa = PBXFileReference; fileEncoding = 4; lastKnownFileType = sourcecode.c.objc; path = QTRParkMapItem.m; sourceTree = "<group>"; };
		161B8F51182BFA600069A50A /* Al_Bidda_Park.jpg */ = {isa = PBXFileReference; lastKnownFileType = image.jpeg; path = Al_Bidda_Park.jpg; sourceTree = "<group>"; };
		161B8F52182BFA600069A50A /* Al_Ghanim_Al_Qadeem.jpg */ = {isa = PBXFileReference; lastKnownFileType = image.jpeg; path = Al_Ghanim_Al_Qadeem.jpg; sourceTree = "<group>"; };
		161B8F53182BFA600069A50A /* Al_Khulaifat.jpg */ = {isa = PBXFileReference; lastKnownFileType = image.jpeg; path = Al_Khulaifat.jpg; sourceTree = "<group>"; };
		161B8F54182BFA600069A50A /* AlMuntazah.jpg */ = {isa = PBXFileReference; lastKnownFileType = image.jpeg; path = AlMuntazah.jpg; sourceTree = "<group>"; };
		161B8F55182BFA600069A50A /* Aspire.jpg */ = {isa = PBXFileReference; lastKnownFileType = image.jpeg; path = Aspire.jpg; sourceTree = "<group>"; };
		161B8F56182BFA600069A50A /* Salata_Park.jpg */ = {isa = PBXFileReference; lastKnownFileType = image.jpeg; path = Salata_Park.jpg; sourceTree = "<group>"; };
		161C2D6B18241E3000AA63F7 /* QTRStartingRegion.h */ = {isa = PBXFileReference; fileEncoding = 4; lastKnownFileType = sourcecode.c.h; name = QTRStartingRegion.h; path = Common_Classes/QTRStartingRegion.h; sourceTree = "<group>"; };
		161C2D6C18241E3000AA63F7 /* QTRStartingRegion.m */ = {isa = PBXFileReference; fileEncoding = 4; lastKnownFileType = sourcecode.c.objc; name = QTRStartingRegion.m; path = Common_Classes/QTRStartingRegion.m; sourceTree = "<group>"; };
		1656CE76182AAFA600B9D18C /* QTRMacros.h */ = {isa = PBXFileReference; fileEncoding = 4; lastKnownFileType = sourcecode.c.h; path = QTRMacros.h; sourceTree = "<group>"; };
		1656CE8C182AEDC100B9D18C /* QTRParks.h */ = {isa = PBXFileReference; fileEncoding = 4; lastKnownFileType = sourcecode.c.h; name = QTRParks.h; path = Common_Classes/QTRParks.h; sourceTree = "<group>"; };
		1656CE8D182AEDC100B9D18C /* QTRParks.m */ = {isa = PBXFileReference; fileEncoding = 4; lastKnownFileType = sourcecode.c.objc; name = QTRParks.m; path = Common_Classes/QTRParks.m; sourceTree = "<group>"; };
		1656CE90182AF28300B9D18C /* QTRParkAnnotationView.h */ = {isa = PBXFileReference; fileEncoding = 4; lastKnownFileType = sourcecode.c.h; name = QTRParkAnnotationView.h; path = Common_Classes/QTRParkAnnotationView.h; sourceTree = "<group>"; };
		1656CE91182AF28300B9D18C /* QTRParkAnnotationView.m */ = {isa = PBXFileReference; fileEncoding = 4; lastKnownFileType = sourcecode.c.objc; name = QTRParkAnnotationView.m; path = Common_Classes/QTRParkAnnotationView.m; sourceTree = "<group>"; };
		169B45EE1821AB9F00B61B59 /* Qatar.h */ = {isa = PBXFileReference; fileEncoding = 4; lastKnownFileType = sourcecode.c.h; name = Qatar.h; path = Common_Classes/Qatar.h; sourceTree = "<group>"; };
		169B45EF1821AB9F00B61B59 /* Qatar.m */ = {isa = PBXFileReference; fileEncoding = 4; lastKnownFileType = sourcecode.c.objc; name = Qatar.m; path = Common_Classes/Qatar.m; sourceTree = "<group>"; };
		16D6C56918206A020051DCD3 /* Rad_IOS_MapTest.app */ = {isa = PBXFileReference; explicitFileType = wrapper.application; includeInIndex = 0; path = Rad_IOS_MapTest.app; sourceTree = BUILT_PRODUCTS_DIR; };
		16D6C56C18206A020051DCD3 /* Foundation.framework */ = {isa = PBXFileReference; lastKnownFileType = wrapper.framework; name = Foundation.framework; path = System/Library/Frameworks/Foundation.framework; sourceTree = SDKROOT; };
		16D6C56E18206A020051DCD3 /* CoreGraphics.framework */ = {isa = PBXFileReference; lastKnownFileType = wrapper.framework; name = CoreGraphics.framework; path = System/Library/Frameworks/CoreGraphics.framework; sourceTree = SDKROOT; };
		16D6C57018206A020051DCD3 /* UIKit.framework */ = {isa = PBXFileReference; lastKnownFileType = wrapper.framework; name = UIKit.framework; path = System/Library/Frameworks/UIKit.framework; sourceTree = SDKROOT; };
		16D6C57418206A020051DCD3 /* Rad_IOS_MapTest-Info.plist */ = {isa = PBXFileReference; lastKnownFileType = text.plist.xml; path = "Rad_IOS_MapTest-Info.plist"; sourceTree = "<group>"; };
		16D6C57618206A020051DCD3 /* en */ = {isa = PBXFileReference; lastKnownFileType = text.plist.strings; name = en; path = en.lproj/InfoPlist.strings; sourceTree = "<group>"; };
		16D6C57818206A020051DCD3 /* main.m */ = {isa = PBXFileReference; lastKnownFileType = sourcecode.c.objc; path = main.m; sourceTree = "<group>"; };
		16D6C57A18206A020051DCD3 /* Rad_IOS_MapTest-Prefix.pch */ = {isa = PBXFileReference; lastKnownFileType = sourcecode.c.h; path = "Rad_IOS_MapTest-Prefix.pch"; sourceTree = "<group>"; };
		16D6C57B18206A020051DCD3 /* QTRAppDelegate.h */ = {isa = PBXFileReference; lastKnownFileType = sourcecode.c.h; path = QTRAppDelegate.h; sourceTree = "<group>"; };
		16D6C57C18206A020051DCD3 /* QTRAppDelegate.m */ = {isa = PBXFileReference; lastKnownFileType = sourcecode.c.objc; path = QTRAppDelegate.m; sourceTree = "<group>"; };
		16D6C57F18206A020051DCD3 /* Base */ = {isa = PBXFileReference; lastKnownFileType = file.storyboard; name = Base; path = Base.lproj/Main.storyboard; sourceTree = "<group>"; };
		16D6C58118206A020051DCD3 /* QTRViewController.h */ = {isa = PBXFileReference; lastKnownFileType = sourcecode.c.h; path = QTRViewController.h; sourceTree = "<group>"; };
		16D6C58218206A020051DCD3 /* QTRViewController.m */ = {isa = PBXFileReference; lastKnownFileType = sourcecode.c.objc; path = QTRViewController.m; sourceTree = "<group>"; };
		16D6C58418206A020051DCD3 /* Images.xcassets */ = {isa = PBXFileReference; lastKnownFileType = folder.assetcatalog; path = Images.xcassets; sourceTree = "<group>"; };
		16D6C58A18206A020051DCD3 /* Rad_IOS_MapTestTests.xctest */ = {isa = PBXFileReference; explicitFileType = wrapper.cfbundle; includeInIndex = 0; path = Rad_IOS_MapTestTests.xctest; sourceTree = BUILT_PRODUCTS_DIR; };
		16D6C58B18206A020051DCD3 /* XCTest.framework */ = {isa = PBXFileReference; lastKnownFileType = wrapper.framework; name = XCTest.framework; path = Library/Frameworks/XCTest.framework; sourceTree = DEVELOPER_DIR; };
		16D6C59318206A020051DCD3 /* Rad_IOS_MapTestTests-Info.plist */ = {isa = PBXFileReference; lastKnownFileType = text.plist.xml; path = "Rad_IOS_MapTestTests-Info.plist"; sourceTree = "<group>"; };
		16D6C59518206A020051DCD3 /* en */ = {isa = PBXFileReference; lastKnownFileType = text.plist.strings; name = en; path = en.lproj/InfoPlist.strings; sourceTree = "<group>"; };
		16D6C59718206A020051DCD3 /* Rad_IOS_MapTestTests.m */ = {isa = PBXFileReference; lastKnownFileType = sourcecode.c.objc; path = Rad_IOS_MapTestTests.m; sourceTree = "<group>"; };
		16D6C5A118206A180051DCD3 /* AddressBook.framework */ = {isa = PBXFileReference; lastKnownFileType = wrapper.framework; name = AddressBook.framework; path = System/Library/Frameworks/AddressBook.framework; sourceTree = SDKROOT; };
		16D6C5A318206A240051DCD3 /* MapKit.framework */ = {isa = PBXFileReference; lastKnownFileType = wrapper.framework; name = MapKit.framework; path = System/Library/Frameworks/MapKit.framework; sourceTree = SDKROOT; };
		16E037BB1821B96E0061E9D1 /* QTRQatarMapOverlay.h */ = {isa = PBXFileReference; fileEncoding = 4; lastKnownFileType = sourcecode.c.h; name = QTRQatarMapOverlay.h; path = Rad_IOS_MapTest/QTRQatarMapOverlay.h; sourceTree = "<group>"; };
		16E037BC1821B96E0061E9D1 /* QTRQatarMapOverlay.m */ = {isa = PBXFileReference; fileEncoding = 4; lastKnownFileType = sourcecode.c.objc; name = QTRQatarMapOverlay.m; path = Rad_IOS_MapTest/QTRQatarMapOverlay.m; sourceTree = "<group>"; };
		16E037BE1821BAB30061E9D1 /* QTRQatarMapOverlayView.h */ = {isa = PBXFileReference; fileEncoding = 4; lastKnownFileType = sourcecode.c.h; name = QTRQatarMapOverlayView.h; path = Rad_IOS_MapTest/QTRQatarMapOverlayView.h; sourceTree = "<group>"; };
		16E037BF1821BAB30061E9D1 /* QTRQatarMapOverlayView.m */ = {isa = PBXFileReference; fileEncoding = 4; lastKnownFileType = sourcecode.c.objc; name = QTRQatarMapOverlayView.m; path = Rad_IOS_MapTest/QTRQatarMapOverlayView.m; sourceTree = "<group>"; };
/* End PBXFileReference section */

/* Begin PBXFrameworksBuildPhase section */
		16002B12182843D400452358 /* Frameworks */ = {
			isa = PBXFrameworksBuildPhase;
			buildActionMask = 2147483647;
			files = (
				16002B16182843D400452358 /* Cocoa.framework in Frameworks */,
			);
			runOnlyForDeploymentPostprocessing = 0;
		};
		16002B2C182843D400452358 /* Frameworks */ = {
			isa = PBXFrameworksBuildPhase;
			buildActionMask = 2147483647;
			files = (
				16002B31182843D400452358 /* Cocoa.framework in Frameworks */,
				16002B30182843D400452358 /* XCTest.framework in Frameworks */,
			);
			runOnlyForDeploymentPostprocessing = 0;
		};
		16D6C56618206A020051DCD3 /* Frameworks */ = {
			isa = PBXFrameworksBuildPhase;
			buildActionMask = 2147483647;
			files = (
				16D6C5A418206A240051DCD3 /* MapKit.framework in Frameworks */,
				16D6C5A218206A180051DCD3 /* AddressBook.framework in Frameworks */,
				16D6C56F18206A020051DCD3 /* CoreGraphics.framework in Frameworks */,
				16D6C57118206A020051DCD3 /* UIKit.framework in Frameworks */,
				16D6C56D18206A020051DCD3 /* Foundation.framework in Frameworks */,
			);
			runOnlyForDeploymentPostprocessing = 0;
		};
		16D6C58718206A020051DCD3 /* Frameworks */ = {
			isa = PBXFrameworksBuildPhase;
			buildActionMask = 2147483647;
			files = (
				16D6C58C18206A020051DCD3 /* XCTest.framework in Frameworks */,
				16D6C58E18206A020051DCD3 /* UIKit.framework in Frameworks */,
				16D6C58D18206A020051DCD3 /* Foundation.framework in Frameworks */,
			);
			runOnlyForDeploymentPostprocessing = 0;
		};
/* End PBXFrameworksBuildPhase section */

/* Begin PBXGroup section */
		16002B17182843D400452358 /* Rad_OSX_Map_Test */ = {
			isa = PBXGroup;
			children = (
				16002B421828484300452358 /* OSX_Classes */,
				16002B26182843D400452358 /* MainMenu.xib */,
				16002B29182843D400452358 /* Images.xcassets */,
				16002B18182843D400452358 /* Supporting Files */,
			);
			path = Rad_OSX_Map_Test;
			sourceTree = "<group>";
		};
		16002B18182843D400452358 /* Supporting Files */ = {
			isa = PBXGroup;
			children = (
				16002B19182843D400452358 /* Rad_OSX_Map_Test-Info.plist */,
				16002B1A182843D400452358 /* InfoPlist.strings */,
				16002B1D182843D400452358 /* main.m */,
				16002B1F182843D400452358 /* Rad_OSX_Map_Test-Prefix.pch */,
				16002B20182843D400452358 /* Credits.rtf */,
			);
			name = "Supporting Files";
			sourceTree = "<group>";
		};
		16002B34182843D400452358 /* Rad_OSX_Map_TestTests */ = {
			isa = PBXGroup;
			children = (
				16002B3A182843D400452358 /* Rad_OSX_Map_TestTests.m */,
				16002B35182843D400452358 /* Supporting Files */,
			);
			path = Rad_OSX_Map_TestTests;
			sourceTree = "<group>";
		};
		16002B35182843D400452358 /* Supporting Files */ = {
			isa = PBXGroup;
			children = (
				16002B36182843D400452358 /* Rad_OSX_Map_TestTests-Info.plist */,
				16002B37182843D400452358 /* InfoPlist.strings */,
			);
			name = "Supporting Files";
			sourceTree = "<group>";
		};
		16002B421828484300452358 /* OSX_Classes */ = {
			isa = PBXGroup;
			children = (
			);
			path = OSX_Classes;
			sourceTree = "<group>";
		};
		16063DC1182D366D001811DD /* Graphic_Resources */ = {
			isa = PBXGroup;
			children = (
				16063DC5182D394D001811DD /* paper_stripes.jpg */,
				16063DC2182D3689001811DD /* candy-stripe1.jpg */,
				160F56C51827F61F00B31F1D /* QFlag.png */,
			);
			name = Graphic_Resources;
			sourceTree = "<group>";
		};
		160F56CE18280F7500B31F1D /* Other Frameworks */ = {
			isa = PBXGroup;
			children = (
				160F56CF18280F7500B31F1D /* AppKit.framework */,
				160F56D018280F7500B31F1D /* CoreData.framework */,
				160F56D118280F7500B31F1D /* Foundation.framework */,
			);
			name = "Other Frameworks";
			sourceTree = "<group>";
		};
		161B8F50182BFA600069A50A /* Park Resources */ = {
			isa = PBXGroup;
			children = (
				161B8F51182BFA600069A50A /* Al_Bidda_Park.jpg */,
				161B8F52182BFA600069A50A /* Al_Ghanim_Al_Qadeem.jpg */,
				161B8F53182BFA600069A50A /* Al_Khulaifat.jpg */,
				161B8F54182BFA600069A50A /* AlMuntazah.jpg */,
				161B8F55182BFA600069A50A /* Aspire.jpg */,
				161B8F56182BFA600069A50A /* Salata_Park.jpg */,
			);
			path = "Park Resources";
			sourceTree = "<group>";
		};
		161C2D6A18241E1A00AA63F7 /* Regions */ = {
			isa = PBXGroup;
			children = (
				161C2D6B18241E3000AA63F7 /* QTRStartingRegion.h */,
				161C2D6C18241E3000AA63F7 /* QTRStartingRegion.m */,
				169B45EE1821AB9F00B61B59 /* Qatar.h */,
				169B45EF1821AB9F00B61B59 /* Qatar.m */,
				1656CE8C182AEDC100B9D18C /* QTRParks.h */,
				1656CE8D182AEDC100B9D18C /* QTRParks.m */,
			);
			name = Regions;
			sourceTree = "<group>";
		};
		16A283E2182850DD008B41E0 /* Common_Classes */ = {
			isa = PBXGroup;
			children = (
				161B8F4C182BEAB30069A50A /* QTRParkMapItem.h */,
				161B8F4D182BEAB30069A50A /* QTRParkMapItem.m */,
				1656CE90182AF28300B9D18C /* QTRParkAnnotationView.h */,
				1656CE91182AF28300B9D18C /* QTRParkAnnotationView.m */,
				16E037BE1821BAB30061E9D1 /* QTRQatarMapOverlayView.h */,
				16E037BF1821BAB30061E9D1 /* QTRQatarMapOverlayView.m */,
				16E037BB1821B96E0061E9D1 /* QTRQatarMapOverlay.h */,
				16E037BC1821B96E0061E9D1 /* QTRQatarMapOverlay.m */,
			);
			name = Common_Classes;
			sourceTree = "<group>";
		};
		16D6C56018206A020051DCD3 = {
			isa = PBXGroup;
			children = (
				16063DC1182D366D001811DD /* Graphic_Resources */,
				161B8F50182BFA600069A50A /* Park Resources */,
				16A283E2182850DD008B41E0 /* Common_Classes */,
				161C2D6A18241E1A00AA63F7 /* Regions */,
				16D6C57218206A020051DCD3 /* Rad_IOS_MapTest */,
				16D6C59118206A020051DCD3 /* Rad_IOS_MapTestTests */,
				16002B17182843D400452358 /* Rad_OSX_Map_Test */,
				16002B34182843D400452358 /* Rad_OSX_Map_TestTests */,
				16D6C56B18206A020051DCD3 /* Frameworks */,
				16D6C56A18206A020051DCD3 /* Products */,
			);
			sourceTree = "<group>";
		};
		16D6C56A18206A020051DCD3 /* Products */ = {
			isa = PBXGroup;
			children = (
				16D6C56918206A020051DCD3 /* Rad_IOS_MapTest.app */,
				16D6C58A18206A020051DCD3 /* Rad_IOS_MapTestTests.xctest */,
				16002B15182843D400452358 /* Rad_OSX_Map_Test.app */,
				16002B2F182843D400452358 /* Rad_OSX_Map_TestTests.xctest */,
			);
			name = Products;
			sourceTree = "<group>";
		};
		16D6C56B18206A020051DCD3 /* Frameworks */ = {
			isa = PBXGroup;
			children = (
				160F575F1828408000B31F1D /* Cocoa.framework */,
				16D6C5A318206A240051DCD3 /* MapKit.framework */,
				16D6C5A118206A180051DCD3 /* AddressBook.framework */,
				16D6C56C18206A020051DCD3 /* Foundation.framework */,
				16D6C56E18206A020051DCD3 /* CoreGraphics.framework */,
				16D6C57018206A020051DCD3 /* UIKit.framework */,
				16D6C58B18206A020051DCD3 /* XCTest.framework */,
				160F56CE18280F7500B31F1D /* Other Frameworks */,
			);
			name = Frameworks;
			sourceTree = "<group>";
		};
		16D6C57218206A020051DCD3 /* Rad_IOS_MapTest */ = {
			isa = PBXGroup;
			children = (
				16D6C57B18206A020051DCD3 /* QTRAppDelegate.h */,
				16D6C57C18206A020051DCD3 /* QTRAppDelegate.m */,
				16D6C57E18206A020051DCD3 /* Main.storyboard */,
				16D6C58118206A020051DCD3 /* QTRViewController.h */,
				16D6C58218206A020051DCD3 /* QTRViewController.m */,
				1656CE76182AAFA600B9D18C /* QTRMacros.h */,
				16D6C58418206A020051DCD3 /* Images.xcassets */,
				16D6C57318206A020051DCD3 /* Supporting Files */,
			);
			path = Rad_IOS_MapTest;
			sourceTree = "<group>";
		};
		16D6C57318206A020051DCD3 /* Supporting Files */ = {
			isa = PBXGroup;
			children = (
				16D6C57418206A020051DCD3 /* Rad_IOS_MapTest-Info.plist */,
				16D6C57518206A020051DCD3 /* InfoPlist.strings */,
				16D6C57818206A020051DCD3 /* main.m */,
				16D6C57A18206A020051DCD3 /* Rad_IOS_MapTest-Prefix.pch */,
			);
			name = "Supporting Files";
			sourceTree = "<group>";
		};
		16D6C59118206A020051DCD3 /* Rad_IOS_MapTestTests */ = {
			isa = PBXGroup;
			children = (
				16D6C59718206A020051DCD3 /* Rad_IOS_MapTestTests.m */,
				16D6C59218206A020051DCD3 /* Supporting Files */,
			);
			path = Rad_IOS_MapTestTests;
			sourceTree = "<group>";
		};
		16D6C59218206A020051DCD3 /* Supporting Files */ = {
			isa = PBXGroup;
			children = (
				16D6C59318206A020051DCD3 /* Rad_IOS_MapTestTests-Info.plist */,
				16D6C59418206A020051DCD3 /* InfoPlist.strings */,
			);
			name = "Supporting Files";
			sourceTree = "<group>";
		};
/* End PBXGroup section */

/* Begin PBXNativeTarget section */
		16002B14182843D400452358 /* Rad_OSX_Map_Test */ = {
			isa = PBXNativeTarget;
			buildConfigurationList = 16002B3C182843D500452358 /* Build configuration list for PBXNativeTarget "Rad_OSX_Map_Test" */;
			buildPhases = (
				16002B11182843D400452358 /* Sources */,
				16002B12182843D400452358 /* Frameworks */,
				16002B13182843D400452358 /* Resources */,
			);
			buildRules = (
			);
			dependencies = (
			);
			name = Rad_OSX_Map_Test;
			productName = Rad_OSX_Map_Test;
			productReference = 16002B15182843D400452358 /* Rad_OSX_Map_Test.app */;
			productType = "com.apple.product-type.application";
		};
		16002B2E182843D400452358 /* Rad_OSX_Map_TestTests */ = {
			isa = PBXNativeTarget;
			buildConfigurationList = 16002B3F182843D500452358 /* Build configuration list for PBXNativeTarget "Rad_OSX_Map_TestTests" */;
			buildPhases = (
				16002B2B182843D400452358 /* Sources */,
				16002B2C182843D400452358 /* Frameworks */,
				16002B2D182843D400452358 /* Resources */,
			);
			buildRules = (
			);
			dependencies = (
				16002B33182843D400452358 /* PBXTargetDependency */,
			);
			name = Rad_OSX_Map_TestTests;
			productName = Rad_OSX_Map_TestTests;
			productReference = 16002B2F182843D400452358 /* Rad_OSX_Map_TestTests.xctest */;
			productType = "com.apple.product-type.bundle.unit-test";
		};
		16D6C56818206A020051DCD3 /* Rad_IOS_MapTest */ = {
			isa = PBXNativeTarget;
			buildConfigurationList = 16D6C59B18206A020051DCD3 /* Build configuration list for PBXNativeTarget "Rad_IOS_MapTest" */;
			buildPhases = (
				16D6C56518206A020051DCD3 /* Sources */,
				16D6C56618206A020051DCD3 /* Frameworks */,
				16D6C56718206A020051DCD3 /* Resources */,
			);
			buildRules = (
			);
			dependencies = (
			);
			name = Rad_IOS_MapTest;
			productName = Rad_IOS_MapTest;
			productReference = 16D6C56918206A020051DCD3 /* Rad_IOS_MapTest.app */;
			productType = "com.apple.product-type.application";
		};
		16D6C58918206A020051DCD3 /* Rad_IOS_MapTestTests */ = {
			isa = PBXNativeTarget;
			buildConfigurationList = 16D6C59E18206A020051DCD3 /* Build configuration list for PBXNativeTarget "Rad_IOS_MapTestTests" */;
			buildPhases = (
				16D6C58618206A020051DCD3 /* Sources */,
				16D6C58718206A020051DCD3 /* Frameworks */,
				16D6C58818206A020051DCD3 /* Resources */,
			);
			buildRules = (
			);
			dependencies = (
				16D6C59018206A020051DCD3 /* PBXTargetDependency */,
			);
			name = Rad_IOS_MapTestTests;
			productName = Rad_IOS_MapTestTests;
			productReference = 16D6C58A18206A020051DCD3 /* Rad_IOS_MapTestTests.xctest */;
			productType = "com.apple.product-type.bundle.unit-test";
		};
/* End PBXNativeTarget section */

/* Begin PBXProject section */
		16D6C56118206A020051DCD3 /* Project object */ = {
			isa = PBXProject;
			attributes = {
				CLASSPREFIX = QTR;
				LastUpgradeCheck = 0500;
				ORGANIZATIONNAME = db;
				TargetAttributes = {
					16002B2E182843D400452358 = {
						TestTargetID = 16D6C56818206A020051DCD3;
					};
					16D6C58918206A020051DCD3 = {
						TestTargetID = 16D6C56818206A020051DCD3;
					};
				};
			};
			buildConfigurationList = 16D6C56418206A020051DCD3 /* Build configuration list for PBXProject "Rad_IOS_MapTest" */;
			compatibilityVersion = "Xcode 3.2";
			developmentRegion = English;
			hasScannedForEncodings = 0;
			knownRegions = (
				en,
				Base,
			);
			mainGroup = 16D6C56018206A020051DCD3;
			productRefGroup = 16D6C56A18206A020051DCD3 /* Products */;
			projectDirPath = "";
			projectRoot = "";
			targets = (
				16D6C56818206A020051DCD3 /* Rad_IOS_MapTest */,
				16D6C58918206A020051DCD3 /* Rad_IOS_MapTestTests */,
				16002B14182843D400452358 /* Rad_OSX_Map_Test */,
				16002B2E182843D400452358 /* Rad_OSX_Map_TestTests */,
			);
		};
/* End PBXProject section */

/* Begin PBXResourcesBuildPhase section */
		16002B13182843D400452358 /* Resources */ = {
			isa = PBXResourcesBuildPhase;
			buildActionMask = 2147483647;
			files = (
				161B8F5A182BFA600069A50A /* Al_Ghanim_Al_Qadeem.jpg in Resources */,
				16002B1C182843D400452358 /* InfoPlist.strings in Resources */,
				16002B2A182843D400452358 /* Images.xcassets in Resources */,
				161B8F60182BFA600069A50A /* Aspire.jpg in Resources */,
				16063DC7182D394D001811DD /* paper_stripes.jpg in Resources */,
				16063DC4182D3689001811DD /* candy-stripe1.jpg in Resources */,
				161B8F62182BFA600069A50A /* Salata_Park.jpg in Resources */,
				16002B22182843D400452358 /* Credits.rtf in Resources */,
				161B8F5E182BFA600069A50A /* AlMuntazah.jpg in Resources */,
				161B8F5C182BFA600069A50A /* Al_Khulaifat.jpg in Resources */,
				16A283E118284E54008B41E0 /* QFlag.png in Resources */,
				16002B28182843D400452358 /* MainMenu.xib in Resources */,
				161B8F58182BFA600069A50A /* Al_Bidda_Park.jpg in Resources */,
			);
			runOnlyForDeploymentPostprocessing = 0;
		};
		16002B2D182843D400452358 /* Resources */ = {
			isa = PBXResourcesBuildPhase;
			buildActionMask = 2147483647;
			files = (
				16002B39182843D400452358 /* InfoPlist.strings in Resources */,
			);
			runOnlyForDeploymentPostprocessing = 0;
		};
		16D6C56718206A020051DCD3 /* Resources */ = {
			isa = PBXResourcesBuildPhase;
			buildActionMask = 2147483647;
			files = (
				161B8F59182BFA600069A50A /* Al_Ghanim_Al_Qadeem.jpg in Resources */,
				161B8F61182BFA600069A50A /* Salata_Park.jpg in Resources */,
				16D6C58518206A020051DCD3 /* Images.xcassets in Resources */,
				161B8F5D182BFA600069A50A /* AlMuntazah.jpg in Resources */,
				16063DC3182D3689001811DD /* candy-stripe1.jpg in Resources */,
				16063DC6182D394D001811DD /* paper_stripes.jpg in Resources */,
				161B8F57182BFA600069A50A /* Al_Bidda_Park.jpg in Resources */,
				16D6C57718206A020051DCD3 /* InfoPlist.strings in Resources */,
				16D6C58018206A020051DCD3 /* Main.storyboard in Resources */,
				161B8F5F182BFA600069A50A /* Aspire.jpg in Resources */,
				161B8F5B182BFA600069A50A /* Al_Khulaifat.jpg in Resources */,
				160F56C61827F61F00B31F1D /* QFlag.png in Resources */,
			);
			runOnlyForDeploymentPostprocessing = 0;
		};
		16D6C58818206A020051DCD3 /* Resources */ = {
			isa = PBXResourcesBuildPhase;
			buildActionMask = 2147483647;
			files = (
				16D6C59618206A020051DCD3 /* InfoPlist.strings in Resources */,
			);
			runOnlyForDeploymentPostprocessing = 0;
		};
/* End PBXResourcesBuildPhase section */

/* Begin PBXSourcesBuildPhase section */
		16002B11182843D400452358 /* Sources */ = {
			isa = PBXSourcesBuildPhase;
			buildActionMask = 2147483647;
			files = (
				1656CE74182AA8AD00B9D18C /* QTRQatarMapOverlayView.m in Sources */,
				16A283DF18284C9B008B41E0 /* QTRStartingRegion.m in Sources */,
				16308EE7182A94680042A8C3 /* QTRAppDelegate.m in Sources */,
				1656CE8B182AB92700B9D18C /* QTRViewController.m in Sources */,
				16A283DE18284C91008B41E0 /* Qatar.m in Sources */,
				1656CE8F182AEDC100B9D18C /* QTRParks.m in Sources */,
				16A283E018284DF0008B41E0 /* QTRQatarMapOverlay.m in Sources */,
				1656CE93182AF28400B9D18C /* QTRParkAnnotationView.m in Sources */,
				161B8F4F182BEAB30069A50A /* QTRParkMapItem.m in Sources */,
				16002B1E182843D400452358 /* main.m in Sources */,
			);
			runOnlyForDeploymentPostprocessing = 0;
		};
		16002B2B182843D400452358 /* Sources */ = {
			isa = PBXSourcesBuildPhase;
			buildActionMask = 2147483647;
			files = (
				16002B3B182843D400452358 /* Rad_OSX_Map_TestTests.m in Sources */,
			);
			runOnlyForDeploymentPostprocessing = 0;
		};
		16D6C56518206A020051DCD3 /* Sources */ = {
			isa = PBXSourcesBuildPhase;
			buildActionMask = 2147483647;
			files = (
				16E037BD1821B96E0061E9D1 /* QTRQatarMapOverlay.m in Sources */,
				16D6C57D18206A020051DCD3 /* QTRAppDelegate.m in Sources */,
				169B45F01821AB9F00B61B59 /* Qatar.m in Sources */,
				161C2D6D18241E3000AA63F7 /* QTRStartingRegion.m in Sources */,
				16D6C58318206A020051DCD3 /* QTRViewController.m in Sources */,
				1656CE8E182AEDC100B9D18C /* QTRParks.m in Sources */,
				16E037C01821BAB30061E9D1 /* QTRQatarMapOverlayView.m in Sources */,
				1656CE92182AF28400B9D18C /* QTRParkAnnotationView.m in Sources */,
				161B8F4E182BEAB30069A50A /* QTRParkMapItem.m in Sources */,
				16D6C57918206A020051DCD3 /* main.m in Sources */,
			);
			runOnlyForDeploymentPostprocessing = 0;
		};
		16D6C58618206A020051DCD3 /* Sources */ = {
			isa = PBXSourcesBuildPhase;
			buildActionMask = 2147483647;
			files = (
				16D6C59818206A020051DCD3 /* Rad_IOS_MapTestTests.m in Sources */,
			);
			runOnlyForDeploymentPostprocessing = 0;
		};
/* End PBXSourcesBuildPhase section */

/* Begin PBXTargetDependency section */
		16002B33182843D400452358 /* PBXTargetDependency */ = {
			isa = PBXTargetDependency;
			target = 16002B14182843D400452358 /* Rad_OSX_Map_Test */;
			targetProxy = 16002B32182843D400452358 /* PBXContainerItemProxy */;
		};
		16D6C59018206A020051DCD3 /* PBXTargetDependency */ = {
			isa = PBXTargetDependency;
			target = 16D6C56818206A020051DCD3 /* Rad_IOS_MapTest */;
			targetProxy = 16D6C58F18206A020051DCD3 /* PBXContainerItemProxy */;
		};
/* End PBXTargetDependency section */

/* Begin PBXVariantGroup section */
		16002B1A182843D400452358 /* InfoPlist.strings */ = {
			isa = PBXVariantGroup;
			children = (
				16002B1B182843D400452358 /* en */,
			);
			name = InfoPlist.strings;
			sourceTree = "<group>";
		};
		16002B20182843D400452358 /* Credits.rtf */ = {
			isa = PBXVariantGroup;
			children = (
				16002B21182843D400452358 /* en */,
			);
			name = Credits.rtf;
			sourceTree = "<group>";
		};
		16002B26182843D400452358 /* MainMenu.xib */ = {
			isa = PBXVariantGroup;
			children = (
				16002B27182843D400452358 /* Base */,
			);
			name = MainMenu.xib;
			sourceTree = "<group>";
		};
		16002B37182843D400452358 /* InfoPlist.strings */ = {
			isa = PBXVariantGroup;
			children = (
				16002B38182843D400452358 /* en */,
			);
			name = InfoPlist.strings;
			sourceTree = "<group>";
		};
		16D6C57518206A020051DCD3 /* InfoPlist.strings */ = {
			isa = PBXVariantGroup;
			children = (
				16D6C57618206A020051DCD3 /* en */,
			);
			name = InfoPlist.strings;
			sourceTree = "<group>";
		};
		16D6C57E18206A020051DCD3 /* Main.storyboard */ = {
			isa = PBXVariantGroup;
			children = (
				16D6C57F18206A020051DCD3 /* Base */,
			);
			name = Main.storyboard;
			sourceTree = "<group>";
		};
		16D6C59418206A020051DCD3 /* InfoPlist.strings */ = {
			isa = PBXVariantGroup;
			children = (
				16D6C59518206A020051DCD3 /* en */,
			);
			name = InfoPlist.strings;
			sourceTree = "<group>";
		};
/* End PBXVariantGroup section */

/* Begin XCBuildConfiguration section */
		16002B3D182843D500452358 /* Debug */ = {
			isa = XCBuildConfiguration;
			buildSettings = {
				ASSETCATALOG_COMPILER_APPICON_NAME = AppIcon;
				CODE_SIGN_IDENTITY = "Mac Developer: Evan Schechtman (9CX47B52KR)";
				COMBINE_HIDPI_IMAGES = YES;
				GCC_ENABLE_OBJC_EXCEPTIONS = YES;
				GCC_PRECOMPILE_PREFIX_HEADER = YES;
				GCC_PREFIX_HEADER = "Rad_OSX_Map_Test/Rad_OSX_Map_Test-Prefix.pch";
				GCC_PREPROCESSOR_DEFINITIONS = (
					"DEBUG=1",
					"$(inherited)",
				);
				"GCC_PREPROCESSOR_DEFINITIONS[arch=*]" = (
					"DEBUG=1",
					"$(inherited)",
					IS_OSX,
				);
				INFOPLIST_FILE = "Rad_OSX_Map_Test/Rad_OSX_Map_Test-Info.plist";
				MACOSX_DEPLOYMENT_TARGET = 10.9;
				New_Setting = "OSX=1";
				PRODUCT_NAME = "$(TARGET_NAME)";
				PROVISIONING_PROFILE = "AD0CDA64-FFEA-4FD7-8886-4491DF923C1E";
				SDKROOT = macosx;
				WRAPPER_EXTENSION = app;
			};
			name = Debug;
		};
		16002B3E182843D500452358 /* Release */ = {
			isa = XCBuildConfiguration;
			buildSettings = {
				ASSETCATALOG_COMPILER_APPICON_NAME = AppIcon;
				CODE_SIGN_IDENTITY = "Mac Developer: Evan Schechtman (9CX47B52KR)";
				COMBINE_HIDPI_IMAGES = YES;
				DEBUG_INFORMATION_FORMAT = "dwarf-with-dsym";
				GCC_ENABLE_OBJC_EXCEPTIONS = YES;
				GCC_PRECOMPILE_PREFIX_HEADER = YES;
				GCC_PREFIX_HEADER = "Rad_OSX_Map_Test/Rad_OSX_Map_Test-Prefix.pch";
				"GCC_PREPROCESSOR_DEFINITIONS[arch=*]" = IS_OSX;
				INFOPLIST_FILE = "Rad_OSX_Map_Test/Rad_OSX_Map_Test-Info.plist";
				MACOSX_DEPLOYMENT_TARGET = 10.9;
				New_Setting = "";
				"New_Setting[arch=*]" = "OSX=1";
				PRODUCT_NAME = "$(TARGET_NAME)";
				PROVISIONING_PROFILE = "AD0CDA64-FFEA-4FD7-8886-4491DF923C1E";
				SDKROOT = macosx;
				WRAPPER_EXTENSION = app;
			};
			name = Release;
		};
		16002B40182843D500452358 /* Debug */ = {
			isa = XCBuildConfiguration;
			buildSettings = {
				BUNDLE_LOADER = "$(BUILT_PRODUCTS_DIR)/Rad_IOS_MapTest.app/Rad_IOS_MapTest";
				COMBINE_HIDPI_IMAGES = YES;
				FRAMEWORK_SEARCH_PATHS = (
					"$(DEVELOPER_FRAMEWORKS_DIR)",
					"$(inherited)",
				);
				GCC_ENABLE_OBJC_EXCEPTIONS = YES;
				GCC_PRECOMPILE_PREFIX_HEADER = YES;
				GCC_PREFIX_HEADER = "Rad_OSX_Map_Test/Rad_OSX_Map_Test-Prefix.pch";
				GCC_PREPROCESSOR_DEFINITIONS = (
					"DEBUG=1",
					"$(inherited)",
				);
				INFOPLIST_FILE = "Rad_OSX_Map_TestTests/Rad_OSX_Map_TestTests-Info.plist";
				MACOSX_DEPLOYMENT_TARGET = 10.9;
				PRODUCT_NAME = "$(TARGET_NAME)";
				SDKROOT = macosx;
				TEST_HOST = "$(BUNDLE_LOADER)";
				WRAPPER_EXTENSION = xctest;
			};
			name = Debug;
		};
		16002B41182843D500452358 /* Release */ = {
			isa = XCBuildConfiguration;
			buildSettings = {
				BUNDLE_LOADER = "$(BUILT_PRODUCTS_DIR)/Rad_IOS_MapTest.app/Rad_IOS_MapTest";
				COMBINE_HIDPI_IMAGES = YES;
				DEBUG_INFORMATION_FORMAT = "dwarf-with-dsym";
				FRAMEWORK_SEARCH_PATHS = (
					"$(DEVELOPER_FRAMEWORKS_DIR)",
					"$(inherited)",
				);
				GCC_ENABLE_OBJC_EXCEPTIONS = YES;
				GCC_PRECOMPILE_PREFIX_HEADER = YES;
				GCC_PREFIX_HEADER = "Rad_OSX_Map_Test/Rad_OSX_Map_Test-Prefix.pch";
				INFOPLIST_FILE = "Rad_OSX_Map_TestTests/Rad_OSX_Map_TestTests-Info.plist";
				MACOSX_DEPLOYMENT_TARGET = 10.9;
				PRODUCT_NAME = "$(TARGET_NAME)";
				SDKROOT = macosx;
				TEST_HOST = "$(BUNDLE_LOADER)";
				WRAPPER_EXTENSION = xctest;
			};
			name = Release;
		};
		16D6C59918206A020051DCD3 /* Debug */ = {
			isa = XCBuildConfiguration;
			buildSettings = {
				ALWAYS_SEARCH_USER_PATHS = NO;
				ARCHS = "$(ARCHS_STANDARD_INCLUDING_64_BIT)";
				CLANG_CXX_LANGUAGE_STANDARD = "gnu++0x";
				CLANG_CXX_LIBRARY = "libc++";
				CLANG_ENABLE_MODULES = YES;
				CLANG_ENABLE_OBJC_ARC = YES;
				CLANG_WARN_BOOL_CONVERSION = YES;
				CLANG_WARN_CONSTANT_CONVERSION = YES;
				CLANG_WARN_DIRECT_OBJC_ISA_USAGE = YES_ERROR;
				CLANG_WARN_EMPTY_BODY = YES;
				CLANG_WARN_ENUM_CONVERSION = YES;
				CLANG_WARN_INT_CONVERSION = YES;
				CLANG_WARN_OBJC_ROOT_CLASS = YES_ERROR;
				CLANG_WARN__DUPLICATE_METHOD_MATCH = YES;
				CODE_SIGN_IDENTITY = "";
				"CODE_SIGN_IDENTITY[sdk=iphoneos*]" = "";
				COPY_PHASE_STRIP = NO;
				GCC_C_LANGUAGE_STANDARD = gnu99;
				GCC_DYNAMIC_NO_PIC = NO;
				GCC_OPTIMIZATION_LEVEL = 0;
				GCC_PREPROCESSOR_DEFINITIONS = (
					"DEBUG=1",
					"$(inherited)",
				);
				GCC_SYMBOLS_PRIVATE_EXTERN = NO;
				GCC_WARN_64_TO_32_BIT_CONVERSION = YES;
				GCC_WARN_ABOUT_RETURN_TYPE = YES_ERROR;
				GCC_WARN_UNDECLARED_SELECTOR = YES;
				GCC_WARN_UNINITIALIZED_AUTOS = YES;
				GCC_WARN_UNUSED_FUNCTION = YES;
				GCC_WARN_UNUSED_VARIABLE = YES;
				IPHONEOS_DEPLOYMENT_TARGET = 7.0;
				New_Setting = "";
				ONLY_ACTIVE_ARCH = YES;
				PROVISIONING_PROFILE = "";
				SDKROOT = iphoneos;
				TARGETED_DEVICE_FAMILY = 2;
			};
			name = Debug;
		};
		16D6C59A18206A020051DCD3 /* Release */ = {
			isa = XCBuildConfiguration;
			buildSettings = {
				ALWAYS_SEARCH_USER_PATHS = NO;
				ARCHS = "$(ARCHS_STANDARD_INCLUDING_64_BIT)";
				CLANG_CXX_LANGUAGE_STANDARD = "gnu++0x";
				CLANG_CXX_LIBRARY = "libc++";
				CLANG_ENABLE_MODULES = YES;
				CLANG_ENABLE_OBJC_ARC = YES;
				CLANG_WARN_BOOL_CONVERSION = YES;
				CLANG_WARN_CONSTANT_CONVERSION = YES;
				CLANG_WARN_DIRECT_OBJC_ISA_USAGE = YES_ERROR;
				CLANG_WARN_EMPTY_BODY = YES;
				CLANG_WARN_ENUM_CONVERSION = YES;
				CLANG_WARN_INT_CONVERSION = YES;
				CLANG_WARN_OBJC_ROOT_CLASS = YES_ERROR;
				CLANG_WARN__DUPLICATE_METHOD_MATCH = YES;
				CODE_SIGN_IDENTITY = "";
				"CODE_SIGN_IDENTITY[sdk=iphoneos*]" = "";
				COPY_PHASE_STRIP = YES;
				ENABLE_NS_ASSERTIONS = NO;
				GCC_C_LANGUAGE_STANDARD = gnu99;
				GCC_WARN_64_TO_32_BIT_CONVERSION = YES;
				GCC_WARN_ABOUT_RETURN_TYPE = YES_ERROR;
				GCC_WARN_UNDECLARED_SELECTOR = YES;
				GCC_WARN_UNINITIALIZED_AUTOS = YES;
				GCC_WARN_UNUSED_FUNCTION = YES;
				GCC_WARN_UNUSED_VARIABLE = YES;
				IPHONEOS_DEPLOYMENT_TARGET = 7.0;
				New_Setting = "";
				PROVISIONING_PROFILE = "";
				SDKROOT = iphoneos;
				TARGETED_DEVICE_FAMILY = 2;
				VALIDATE_PRODUCT = YES;
			};
			name = Release;
		};
		16D6C59C18206A020051DCD3 /* Debug */ = {
			isa = XCBuildConfiguration;
			buildSettings = {
				ASSETCATALOG_COMPILER_APPICON_NAME = AppIcon;
				ASSETCATALOG_COMPILER_LAUNCHIMAGE_NAME = LaunchImage;
				CODE_SIGN_IDENTITY = "";
				"CODE_SIGN_IDENTITY[sdk=iphoneos*]" = "";
				GCC_PRECOMPILE_PREFIX_HEADER = YES;
				GCC_PREFIX_HEADER = "Rad_IOS_MapTest/Rad_IOS_MapTest-Prefix.pch";
				GCC_PREPROCESSOR_DEFINITIONS = (
					"DEBUG=1",
					"$(inherited)",
					IS_IOS,
				);
				INFOPLIST_FILE = "Rad_IOS_MapTest/Rad_IOS_MapTest-Info.plist";
				PRODUCT_NAME = "$(TARGET_NAME)";
				PROVISIONING_PROFILE = "DA515904-DEC0-475D-9200-0069F5D36E07";
				TARGETED_DEVICE_FAMILY = 2;
				WRAPPER_EXTENSION = app;
			};
			name = Debug;
		};
		16D6C59D18206A020051DCD3 /* Release */ = {
			isa = XCBuildConfiguration;
			buildSettings = {
				ASSETCATALOG_COMPILER_APPICON_NAME = AppIcon;
				ASSETCATALOG_COMPILER_LAUNCHIMAGE_NAME = LaunchImage;
				CODE_SIGN_IDENTITY = "";
				"CODE_SIGN_IDENTITY[sdk=iphoneos*]" = "";
				GCC_PRECOMPILE_PREFIX_HEADER = YES;
				GCC_PREFIX_HEADER = "Rad_IOS_MapTest/Rad_IOS_MapTest-Prefix.pch";
				"GCC_PREPROCESSOR_DEFINITIONS[arch=*]" = IS_IOS;
				INFOPLIST_FILE = "Rad_IOS_MapTest/Rad_IOS_MapTest-Info.plist";
				PRODUCT_NAME = "$(TARGET_NAME)";
				PROVISIONING_PROFILE = "DA515904-DEC0-475D-9200-0069F5D36E07";
				TARGETED_DEVICE_FAMILY = 2;
				WRAPPER_EXTENSION = app;
			};
			name = Release;
		};
		16D6C59F18206A020051DCD3 /* Debug */ = {
			isa = XCBuildConfiguration;
			buildSettings = {
				ARCHS = "$(ARCHS_STANDARD_INCLUDING_64_BIT)";
				BUNDLE_LOADER = "$(BUILT_PRODUCTS_DIR)/Rad_IOS_MapTest.app/Rad_IOS_MapTest";
				FRAMEWORK_SEARCH_PATHS = (
					"$(SDKROOT)/Developer/Library/Frameworks",
					"$(inherited)",
					"$(DEVELOPER_FRAMEWORKS_DIR)",
				);
				GCC_PRECOMPILE_PREFIX_HEADER = YES;
				GCC_PREFIX_HEADER = "Rad_IOS_MapTest/Rad_IOS_MapTest-Prefix.pch";
				GCC_PREPROCESSOR_DEFINITIONS = (
					"DEBUG=1",
					"$(inherited)",
				);
				INFOPLIST_FILE = "Rad_IOS_MapTestTests/Rad_IOS_MapTestTests-Info.plist";
				PRODUCT_NAME = "$(TARGET_NAME)";
				TEST_HOST = "$(BUNDLE_LOADER)";
				WRAPPER_EXTENSION = xctest;
			};
			name = Debug;
		};
		16D6C5A018206A020051DCD3 /* Release */ = {
			isa = XCBuildConfiguration;
			buildSettings = {
				ARCHS = "$(ARCHS_STANDARD_INCLUDING_64_BIT)";
				BUNDLE_LOADER = "$(BUILT_PRODUCTS_DIR)/Rad_IOS_MapTest.app/Rad_IOS_MapTest";
				FRAMEWORK_SEARCH_PATHS = (
					"$(SDKROOT)/Developer/Library/Frameworks",
					"$(inherited)",
					"$(DEVELOPER_FRAMEWORKS_DIR)",
				);
				GCC_PRECOMPILE_PREFIX_HEADER = YES;
				GCC_PREFIX_HEADER = "Rad_IOS_MapTest/Rad_IOS_MapTest-Prefix.pch";
				INFOPLIST_FILE = "Rad_IOS_MapTestTests/Rad_IOS_MapTestTests-Info.plist";
				PRODUCT_NAME = "$(TARGET_NAME)";
				TEST_HOST = "$(BUNDLE_LOADER)";
				WRAPPER_EXTENSION = xctest;
			};
			name = Release;
		};
/* End XCBuildConfiguration section */

/* Begin XCConfigurationList section */
		16002B3C182843D500452358 /* Build configuration list for PBXNativeTarget "Rad_OSX_Map_Test" */ = {
			isa = XCConfigurationList;
			buildConfigurations = (
				16002B3D182843D500452358 /* Debug */,
				16002B3E182843D500452358 /* Release */,
			);
			defaultConfigurationIsVisible = 0;
			defaultConfigurationName = Release;
		};
		16002B3F182843D500452358 /* Build configuration list for PBXNativeTarget "Rad_OSX_Map_TestTests" */ = {
			isa = XCConfigurationList;
			buildConfigurations = (
				16002B40182843D500452358 /* Debug */,
				16002B41182843D500452358 /* Release */,
			);
			defaultConfigurationIsVisible = 0;
			defaultConfigurationName = Release;
		};
		16D6C56418206A020051DCD3 /* Build configuration list for PBXProject "Rad_IOS_MapTest" */ = {
			isa = XCConfigurationList;
			buildConfigurations = (
				16D6C59918206A020051DCD3 /* Debug */,
				16D6C59A18206A020051DCD3 /* Release */,
			);
			defaultConfigurationIsVisible = 0;
			defaultConfigurationName = Release;
		};
		16D6C59B18206A020051DCD3 /* Build configuration list for PBXNativeTarget "Rad_IOS_MapTest" */ = {
			isa = XCConfigurationList;
			buildConfigurations = (
				16D6C59C18206A020051DCD3 /* Debug */,
				16D6C59D18206A020051DCD3 /* Release */,
			);
			defaultConfigurationIsVisible = 0;
			defaultConfigurationName = Release;
		};
		16D6C59E18206A020051DCD3 /* Build configuration list for PBXNativeTarget "Rad_IOS_MapTestTests" */ = {
			isa = XCConfigurationList;
			buildConfigurations = (
				16D6C59F18206A020051DCD3 /* Debug */,
				16D6C5A018206A020051DCD3 /* Release */,
			);
			defaultConfigurationIsVisible = 0;
			defaultConfigurationName = Release;
		};
/* End XCConfigurationList section */
	};
	rootObject = 16D6C56118206A020051DCD3 /* Project object */;
}
